
Microsoft Visual Studio Solution File, Format Version 12.00
# Visual Studio Version 16
VisualStudioVersion = 16.0.29306.81
MinimumVisualStudioVersion = 10.0.40219.1
Project("{FAE04EC0-301F-11D3-BF4B-00C04F79EFBC}") = "Solid", "Solid\Solid.csproj", "{67067FE1-8B4F-4B6E-B4C4-254076030535}"
EndProject
Global
	GlobalSection(SolutionConfigurationPlatforms) = preSolution
		Debug|Any CPU = Debug|Any CPU
		Release|Any CPU = Release|Any CPU
	EndGlobalSection
	GlobalSection(ProjectConfigurationPlatforms) = postSolution
		{67067FE1-8B4F-4B6E-B4C4-254076030535}.Debug|Any CPU.ActiveCfg = Debug|Any CPU
		{67067FE1-8B4F-4B6E-B4C4-254076030535}.Debug|Any CPU.Build.0 = Debug|Any CPU
		{67067FE1-8B4F-4B6E-B4C4-254076030535}.Release|Any CPU.ActiveCfg = Release|Any CPU
		{67067FE1-8B4F-4B6E-B4C4-254076030535}.Release|Any CPU.Build.0 = Release|Any CPU
	EndGlobalSection
	GlobalSection(SolutionProperties) = preSolution
		HideSolutionNode = FALSE
	EndGlobalSection
	GlobalSection(ExtensibilityGlobals) = postSolution
		SolutionGuid = {026CB8BB-E5A9-4B57-8A01-5BBA8C195B05}
	EndGlobalSection
EndGlobal
